
Microsoft Visual Studio Solution File, Format Version 12.00
# Visual Studio Version 16
VisualStudioVersion = 16.0.30717.126
MinimumVisualStudioVersion = 10.0.40219.1
Project("{FAE04EC0-301F-11D3-BF4B-00C04F79EFBC}") = "Datos", "..\Datos\Datos.csproj", "{D3A34231-507B-4297-98D5-5C9D93688500}"
EndProject
Project("{FAE04EC0-301F-11D3-BF4B-00C04F79EFBC}") = "Logica", "..\Logica\Logica.csproj", "{5991701F-A8CF-4556-A9AD-CE55395DD62F}"
EndProject
Project("{FAE04EC0-301F-11D3-BF4B-00C04F79EFBC}") = "Entidades", "..\Entidades\Entidades.csproj", "{A6C26B84-5582-4395-BDC1-854AC6829E87}"
EndProject
Project("{9A19103F-16F7-4668-BE54-9A1E7A4F7556}") = "DepositoVisual", "..\DepositoVisual\DepositoVisual.csproj", "{C6362E4B-E148-494C-A479-360334EA02D7}"
EndProject
Global
	GlobalSection(SolutionConfigurationPlatforms) = preSolution
		Debug|Any CPU = Debug|Any CPU
		Release|Any CPU = Release|Any CPU
	EndGlobalSection
	GlobalSection(ProjectConfigurationPlatforms) = postSolution
		{D3A34231-507B-4297-98D5-5C9D93688500}.Debug|Any CPU.ActiveCfg = Debug|Any CPU
		{D3A34231-507B-4297-98D5-5C9D93688500}.Debug|Any CPU.Build.0 = Debug|Any CPU
		{D3A34231-507B-4297-98D5-5C9D93688500}.Release|Any CPU.ActiveCfg = Release|Any CPU
		{D3A34231-507B-4297-98D5-5C9D93688500}.Release|Any CPU.Build.0 = Release|Any CPU
		{5991701F-A8CF-4556-A9AD-CE55395DD62F}.Debug|Any CPU.ActiveCfg = Debug|Any CPU
		{5991701F-A8CF-4556-A9AD-CE55395DD62F}.Debug|Any CPU.Build.0 = Debug|Any CPU
		{5991701F-A8CF-4556-A9AD-CE55395DD62F}.Release|Any CPU.ActiveCfg = Release|Any CPU
		{5991701F-A8CF-4556-A9AD-CE55395DD62F}.Release|Any CPU.Build.0 = Release|Any CPU
		{A6C26B84-5582-4395-BDC1-854AC6829E87}.Debug|Any CPU.ActiveCfg = Debug|Any CPU
		{A6C26B84-5582-4395-BDC1-854AC6829E87}.Debug|Any CPU.Build.0 = Debug|Any CPU
		{A6C26B84-5582-4395-BDC1-854AC6829E87}.Release|Any CPU.ActiveCfg = Release|Any CPU
		{A6C26B84-5582-4395-BDC1-854AC6829E87}.Release|Any CPU.Build.0 = Release|Any CPU
		{C6362E4B-E148-494C-A479-360334EA02D7}.Debug|Any CPU.ActiveCfg = Debug|Any CPU
		{C6362E4B-E148-494C-A479-360334EA02D7}.Debug|Any CPU.Build.0 = Debug|Any CPU
		{C6362E4B-E148-494C-A479-360334EA02D7}.Release|Any CPU.ActiveCfg = Release|Any CPU
		{C6362E4B-E148-494C-A479-360334EA02D7}.Release|Any CPU.Build.0 = Release|Any CPU
	EndGlobalSection
	GlobalSection(SolutionProperties) = preSolution
		HideSolutionNode = FALSE
	EndGlobalSection
	GlobalSection(ExtensibilityGlobals) = postSolution
		SolutionGuid = {F38870A8-3706-4DEE-8B53-E4B2E07C8D41}
	EndGlobalSection
EndGlobal
